
Microsoft Visual Studio Solution File, Format Version 12.00
# Visual Studio 14
VisualStudioVersion = 14.0.23107.0
MinimumVisualStudioVersion = 10.0.40219.1
Project("{FAE04EC0-301F-11D3-BF4B-00C04F79EFBC}") = "WebApi", "WebApi\WebApi.csproj", "{BC6FC656-8BA8-422C-BA95-30E2BB1F2BFF}"
EndProject
Global
	GlobalSection(SolutionConfigurationPlatforms) = preSolution
		Debug|Any CPU = Debug|Any CPU
		Release|Any CPU = Release|Any CPU
	EndGlobalSection
	GlobalSection(ProjectConfigurationPlatforms) = postSolution
		{BC6FC656-8BA8-422C-BA95-30E2BB1F2BFF}.Debug|Any CPU.ActiveCfg = Debug|Any CPU
		{BC6FC656-8BA8-422C-BA95-30E2BB1F2BFF}.Debug|Any CPU.Build.0 = Debug|Any CPU
		{BC6FC656-8BA8-422C-BA95-30E2BB1F2BFF}.Release|Any CPU.ActiveCfg = Release|Any CPU
		{BC6FC656-8BA8-422C-BA95-30E2BB1F2BFF}.Release|Any CPU.Build.0 = Release|Any CPU
	EndGlobalSection
	GlobalSection(SolutionProperties) = preSolution
		HideSolutionNode = FALSE
	EndGlobalSection
	GlobalSection(ExtensibilityGlobals) = postSolution
		VisualSVNWorkingCopyRoot = .
	EndGlobalSection
EndGlobal
